{
  "name": "hahaAI",
  "version": "1.0.0",
  "lockfileVersion": 1,
  "requires": true,
  "dependencies": {
    "@tensorflow-models/coco-ssd": {
      "version": "2.2.1",
      "resolved": "https://registry.npm.taobao.org/@tensorflow-models/coco-ssd/download/@tensorflow-models/coco-ssd-2.2.1.tgz",
      "integrity": "sha1-L9X3eOTMRW6MHaZ3oNUD2SRafV4="
    },
    "@tensorflow-models/posenet": {
      "version": "2.2.1",
      "resolved": "https://registry.npm.taobao.org/@tensorflow-models/posenet/download/@tensorflow-models/posenet-2.2.1.tgz",
      "integrity": "sha1-Lwpo2QmEL1nuwZXyPG89TOvFP6g="
    },
    "@tensorflow/tfjs-backend-cpu": {
      "version": "2.8.5",
      "resolved": "https://registry.npm.taobao.org/@tensorflow/tfjs-backend-cpu/download/@tensorflow/tfjs-backend-cpu-2.8.5.tgz",
      "integrity": "sha1-P8ivzs/+ZpaR3T36klbgigWOjU0=",
      "requires": {
        "@types/seedrandom": "2.4.27",
        "seedrandom": "2.4.3"
      }
    },
    "@tensorflow/tfjs-backend-webgl": {
      "version": "2.8.5",
      "resolved": "https://registry.npm.taobao.org/@tensorflow/tfjs-backend-webgl/download/@tensorflow/tfjs-backend-webgl-2.8.5.tgz",
      "integrity": "sha1-OULY8JVu39Ri7GhJd8eCZcE8cvQ=",
      "requires": {
        "@tensorflow/tfjs-backend-cpu": "2.8.5",
        "@types/offscreencanvas": "~2019.3.0",
        "@types/seedrandom": "2.4.27",
        "@types/webgl-ext": "0.0.30",
        "@types/webgl2": "0.0.5",
        "seedrandom": "2.4.3"
      }
    },
    "@tensorflow/tfjs-converter": {
      "version": "2.8.5",
      "resolved": "https://registry.npm.taobao.org/@tensorflow/tfjs-converter/download/@tensorflow/tfjs-converter-2.8.5.tgz",
      "integrity": "sha1-SdslRzRi5bZTIxXo+ZxNJrQxxTA="
    },
    "@tensorflow/tfjs-core": {
      "version": "2.8.5",
      "resolved": "https://registry.npm.taobao.org/@tensorflow/tfjs-core/download/@tensorflow/tfjs-core-2.8.5.tgz",
      "integrity": "sha1-SzsvUMzIWvSVqkQGra0rR0hvTV4=",
      "requires": {
        "@types/offscreencanvas": "~2019.3.0",
        "@types/seedrandom": "2.4.27",
        "@types/webgl-ext": "0.0.30",
        "node-fetch": "~2.6.1",
        "seedrandom": "2.4.3"
      }
    },
    "@tensorflow/tfjs-layers": {
      "version": "3.0.0",
      "resolved": "https://registry.npm.taobao.org/@tensorflow/tfjs-layers/download/@tensorflow/tfjs-layers-3.0.0.tgz",
      "integrity": "sha1-I91Vzsei6MKss18jsPPIgfMDgQo="
    },
    "@types/offscreencanvas": {
      "version": "2019.3.0",
      "resolved": "https://registry.npm.taobao.org/@types/offscreencanvas/download/@types/offscreencanvas-2019.3.0.tgz",
      "integrity": "sha1-MzZCjsfpGAz0Vm3+pdoE61hqZVM="
    },
    "@types/seedrandom": {
      "version": "2.4.27",
      "resolved": "https://registry.npm.taobao.org/@types/seedrandom/download/@types/seedrandom-2.4.27.tgz",
      "integrity": "sha1-nbVjk33YaRX2kJK8QyWdL0hXjkE="
    },
    "@types/webgl-ext": {
      "version": "0.0.30",
      "resolved": "https://registry.npm.taobao.org/@types/webgl-ext/download/@types/webgl-ext-0.0.30.tgz?cache=0&sync_timestamp=1605058016996&other_urls=https%3A%2F%2Fregistry.npm.taobao.org%2F%40types%2Fwebgl-ext%2Fdownload%2F%40types%2Fwebgl-ext-0.0.30.tgz",
      "integrity": "sha1-DOSYwWpBoj0VKJ4LhE2UWyXw+50="
    },
    "@types/webgl2": {
      "version": "0.0.5",
      "resolved": "https://registry.npm.taobao.org/@types/webgl2/download/@types/webgl2-0.0.5.tgz?cache=0&sync_timestamp=1605058016375&other_urls=https%3A%2F%2Fregistry.npm.taobao.org%2F%40types%2Fwebgl2%2Fdownload%2F%40types%2Fwebgl2-0.0.5.tgz",
      "integrity": "sha1-3ZJeIKuKzoDrSx5G/aWxCcUI+w0="
    },
    "@vant/weapp": {
      "version": "1.6.7",
      "resolved": "https://registry.npm.taobao.org/@vant/weapp/download/@vant/weapp-1.6.7.tgz",
      "integrity": "sha1-OggtJFm3eTIJdjwgWbQvy11au48="
    },
    "fetch-wechat": {
      "version": "0.0.3",
      "resolved": "https://registry.npm.taobao.org/fetch-wechat/download/fetch-wechat-0.0.3.tgz",
      "integrity": "sha1-J4nDMqJL+fQRS1gMAtKTRkbnTxI="
    },
    "node-fetch": {
      "version": "2.6.1",
      "resolved": "https://registry.npm.taobao.org/node-fetch/download/node-fetch-2.6.1.tgz?cache=0&sync_timestamp=1599309120224&other_urls=https%3A%2F%2Fregistry.npm.taobao.org%2Fnode-fetch%2Fdownload%2Fnode-fetch-2.6.1.tgz",
      "integrity": "sha1-BFvTI2Mfdu0uK1VXM5RBa2OaAFI="
    },
    "seedrandom": {
      "version": "2.4.3",
      "resolved": "https://registry.npm.taobao.org/seedrandom/download/seedrandom-2.4.3.tgz",
      "integrity": "sha1-JDhQTa0zkXMUv/GKxNeU8W1qrsw="
    }
  }
}
